
Microsoft Visual Studio Solution File, Format Version 12.00
# Visual Studio Version 17
VisualStudioVersion = 17.2.32526.322
MinimumVisualStudioVersion = 10.0.40219.1
Project("{FAE04EC0-301F-11D3-BF4B-00C04F79EFBC}") = "DungeonCrawler", "DungeonCrawler.csproj", "{8F5BD02D-D142-48A6-A9F1-9B9543A92927}"
EndProject
Global
	GlobalSection(SolutionConfigurationPlatforms) = preSolution
		Debug|Any CPU = Debug|Any CPU
		Release|Any CPU = Release|Any CPU
	EndGlobalSection
	GlobalSection(ProjectConfigurationPlatforms) = postSolution
		{8F5BD02D-D142-48A6-A9F1-9B9543A92927}.Debug|Any CPU.ActiveCfg = Debug|Any CPU
		{8F5BD02D-D142-48A6-A9F1-9B9543A92927}.Debug|Any CPU.Build.0 = Debug|Any CPU
		{8F5BD02D-D142-48A6-A9F1-9B9543A92927}.Release|Any CPU.ActiveCfg = Release|Any CPU
		{8F5BD02D-D142-48A6-A9F1-9B9543A92927}.Release|Any CPU.Build.0 = Release|Any CPU
	EndGlobalSection
	GlobalSection(SolutionProperties) = preSolution
		HideSolutionNode = FALSE
	EndGlobalSection
	GlobalSection(ExtensibilityGlobals) = postSolution
		SolutionGuid = {1B8A666C-9440-4562-B0A6-F4672AFA425C}
	EndGlobalSection
EndGlobal
