
Microsoft Visual Studio Solution File, Format Version 12.00
# Visual Studio Version 17
VisualStudioVersion = 17.0.32014.148
MinimumVisualStudioVersion = 10.0.40219.1
Project("{FAE04EC0-301F-11D3-BF4B-00C04F79EFBC}") = "SimpleSleuth", "SimpleSleuth\SimpleSleuth.csproj", "{9CD70619-D59C-43B9-ABD7-417E14F48472}"
EndProject
Global
	GlobalSection(SolutionConfigurationPlatforms) = preSolution
		Debug|Any CPU = Debug|Any CPU
		Release|Any CPU = Release|Any CPU
	EndGlobalSection
	GlobalSection(ProjectConfigurationPlatforms) = postSolution
		{9CD70619-D59C-43B9-ABD7-417E14F48472}.Debug|Any CPU.ActiveCfg = Debug|Any CPU
		{9CD70619-D59C-43B9-ABD7-417E14F48472}.Debug|Any CPU.Build.0 = Debug|Any CPU
		{9CD70619-D59C-43B9-ABD7-417E14F48472}.Release|Any CPU.ActiveCfg = Release|Any CPU
		{9CD70619-D59C-43B9-ABD7-417E14F48472}.Release|Any CPU.Build.0 = Release|Any CPU
	EndGlobalSection
	GlobalSection(SolutionProperties) = preSolution
		HideSolutionNode = FALSE
	EndGlobalSection
	GlobalSection(ExtensibilityGlobals) = postSolution
		SolutionGuid = {8F695665-9387-40A9-AD3F-99BEE803A7E0}
	EndGlobalSection
EndGlobal
